{
  "version": 4,
  "terraform_version": "1.9.8",
  "serial": 22,
  "lineage": "13d36946-a89a-8002-8dcb-b0505ad1a58d",
  "outputs": {},
  "resources": [
    {
      "mode": "data",
      "type": "aws_caller_identity",
      "name": "current",
      "provider": "provider[\"registry.terraform.io/hashicorp/aws\"]",
      "instances": [
        {
          "schema_version": 0,
          "attributes": {
            "account_id": "975049952960",
            "arn": "arn:aws:sts::975049952960:assumed-role/voclabs/user2702000=leodelmiroms@gmail.com",
            "id": "975049952960",
            "user_id": "AROA6GBMBR3AJUOJUQ3IP:user2702000=leodelmiroms@gmail.com"
          },
          "sensitive_attributes": []
        }
      ]
    },
    {
      "mode": "data",
      "type": "aws_iam_role",
      "name": "LabRole",
      "provider": "provider[\"registry.terraform.io/hashicorp/aws\"]",
      "instances": [
        {
          "schema_version": 0,
          "attributes": {
            "arn": "arn:aws:iam::975049952960:role/LabRole",
            "assume_role_policy": "{\"Version\":\"2012-10-17\",\"Statement\":[{\"Effect\":\"Allow\",\"Principal\":{\"Service\":[\"cognito-idp.amazonaws.com\",\"deepracer.amazonaws.com\",\"apigateway.amazonaws.com\",\"firehose.amazonaws.com\",\"scheduler.amazonaws.com\",\"batch.amazonaws.com\",\"s3.amazonaws.com\",\"kinesis.amazonaws.com\",\"ec2.application-autoscaling.amazonaws.com\",\"cloudformation.amazonaws.com\",\"events.amazonaws.com\",\"states.amazonaws.com\",\"elasticbeanstalk.amazonaws.com\",\"athena.amazonaws.com\",\"lambda.amazonaws.com\",\"ecs-tasks.amazonaws.com\",\"rds.amazonaws.com\",\"iot.amazonaws.com\",\"servicecatalog.amazonaws.com\",\"backup.amazonaws.com\",\"pipes.amazonaws.com\",\"autoscaling.amazonaws.com\",\"forecast.amazonaws.com\",\"codewhisperer.amazonaws.com\",\"resource-groups.amazonaws.com\",\"ec2.amazonaws.com\",\"glue.amazonaws.com\",\"credentials.iot.amazonaws.com\",\"logs.amazonaws.com\",\"cloud9.amazonaws.com\",\"cloudtrail.amazonaws.com\",\"iotevents.amazonaws.com\",\"elasticloadbalancing.amazonaws.com\",\"eks.amazonaws.com\",\"rekognition.amazonaws.com\",\"application-autoscaling.amazonaws.com\",\"sqs.amazonaws.com\",\"codedeploy.amazonaws.com\",\"elasticfilesystem.amazonaws.com\",\"dynamodb.amazonaws.com\",\"ssm.amazonaws.com\",\"databrew.amazonaws.com\",\"ecs.amazonaws.com\",\"codecommit.amazonaws.com\",\"secretsmanager.amazonaws.com\",\"sns.amazonaws.com\",\"redshift.amazonaws.com\",\"iotanalytics.amazonaws.com\",\"elasticmapreduce.amazonaws.com\",\"kinesisanalytics.amazonaws.com\",\"sagemaker.amazonaws.com\",\"kms.amazonaws.com\",\"eks-fargate-pods.amazonaws.com\"],\"AWS\":\"arn:aws:iam::975049952960:role/LabRole\"},\"Action\":\"sts:AssumeRole\"}]}",
            "create_date": "2024-11-22T22:36:01Z",
            "description": "",
            "id": "LabRole",
            "max_session_duration": 3600,
            "name": "LabRole",
            "path": "/",
            "permissions_boundary": "",
            "role_last_used": [
              {
                "last_used_date": "",
                "region": ""
              }
            ],
            "tags": {
              "cloudlab": "c137866a3517877l8358224t1w975049952960"
            },
            "unique_id": "AROA6GBMBR3ACSFTFHS5T"
          },
          "sensitive_attributes": []
        }
      ]
    },
    {
      "mode": "data",
      "type": "aws_subnet",
      "name": "subnet",
      "provider": "provider[\"registry.terraform.io/hashicorp/aws\"]",
      "instances": [
        {
          "index_key": "subnet-00bf2c1e3d7be81a8",
          "schema_version": 0,
          "attributes": {
            "arn": "arn:aws:ec2:us-east-1:975049952960:subnet/subnet-00bf2c1e3d7be81a8",
            "assign_ipv6_address_on_creation": false,
            "availability_zone": "us-east-1d",
            "availability_zone_id": "use1-az6",
            "available_ip_address_count": 4091,
            "cidr_block": "172.31.32.0/20",
            "customer_owned_ipv4_pool": "",
            "default_for_az": true,
            "enable_dns64": false,
            "enable_lni_at_device_index": 0,
            "enable_resource_name_dns_a_record_on_launch": false,
            "enable_resource_name_dns_aaaa_record_on_launch": false,
            "filter": null,
            "id": "subnet-00bf2c1e3d7be81a8",
            "ipv6_cidr_block": "",
            "ipv6_cidr_block_association_id": "",
            "ipv6_native": false,
            "map_customer_owned_ip_on_launch": false,
            "map_public_ip_on_launch": true,
            "outpost_arn": "",
            "owner_id": "975049952960",
            "private_dns_hostname_type_on_launch": "ip-name",
            "state": "available",
            "tags": {},
            "timeouts": null,
            "vpc_id": "vpc-05b6295dc6db20018"
          },
          "sensitive_attributes": []
        },
        {
          "index_key": "subnet-01a8ed75518701a25",
          "schema_version": 0,
          "attributes": {
            "arn": "arn:aws:ec2:us-east-1:975049952960:subnet/subnet-01a8ed75518701a25",
            "assign_ipv6_address_on_creation": false,
            "availability_zone": "us-east-1c",
            "availability_zone_id": "use1-az4",
            "available_ip_address_count": 4091,
            "cidr_block": "172.31.16.0/20",
            "customer_owned_ipv4_pool": "",
            "default_for_az": true,
            "enable_dns64": false,
            "enable_lni_at_device_index": 0,
            "enable_resource_name_dns_a_record_on_launch": false,
            "enable_resource_name_dns_aaaa_record_on_launch": false,
            "filter": null,
            "id": "subnet-01a8ed75518701a25",
            "ipv6_cidr_block": "",
            "ipv6_cidr_block_association_id": "",
            "ipv6_native": false,
            "map_customer_owned_ip_on_launch": false,
            "map_public_ip_on_launch": true,
            "outpost_arn": "",
            "owner_id": "975049952960",
            "private_dns_hostname_type_on_launch": "ip-name",
            "state": "available",
            "tags": {},
            "timeouts": null,
            "vpc_id": "vpc-05b6295dc6db20018"
          },
          "sensitive_attributes": []
        },
        {
          "index_key": "subnet-08063d9aa4288fc5a",
          "schema_version": 0,
          "attributes": {
            "arn": "arn:aws:ec2:us-east-1:975049952960:subnet/subnet-08063d9aa4288fc5a",
            "assign_ipv6_address_on_creation": false,
            "availability_zone": "us-east-1f",
            "availability_zone_id": "use1-az5",
            "available_ip_address_count": 4090,
            "cidr_block": "172.31.64.0/20",
            "customer_owned_ipv4_pool": "",
            "default_for_az": true,
            "enable_dns64": false,
            "enable_lni_at_device_index": 0,
            "enable_resource_name_dns_a_record_on_launch": false,
            "enable_resource_name_dns_aaaa_record_on_launch": false,
            "filter": null,
            "id": "subnet-08063d9aa4288fc5a",
            "ipv6_cidr_block": "",
            "ipv6_cidr_block_association_id": "",
            "ipv6_native": false,
            "map_customer_owned_ip_on_launch": false,
            "map_public_ip_on_launch": true,
            "outpost_arn": "",
            "owner_id": "975049952960",
            "private_dns_hostname_type_on_launch": "ip-name",
            "state": "available",
            "tags": {},
            "timeouts": null,
            "vpc_id": "vpc-05b6295dc6db20018"
          },
          "sensitive_attributes": []
        },
        {
          "index_key": "subnet-0abe85fdb9bfd7d29",
          "schema_version": 0,
          "attributes": {
            "arn": "arn:aws:ec2:us-east-1:975049952960:subnet/subnet-0abe85fdb9bfd7d29",
            "assign_ipv6_address_on_creation": false,
            "availability_zone": "us-east-1b",
            "availability_zone_id": "use1-az2",
            "available_ip_address_count": 4091,
            "cidr_block": "172.31.80.0/20",
            "customer_owned_ipv4_pool": "",
            "default_for_az": true,
            "enable_dns64": false,
            "enable_lni_at_device_index": 0,
            "enable_resource_name_dns_a_record_on_launch": false,
            "enable_resource_name_dns_aaaa_record_on_launch": false,
            "filter": null,
            "id": "subnet-0abe85fdb9bfd7d29",
            "ipv6_cidr_block": "",
            "ipv6_cidr_block_association_id": "",
            "ipv6_native": false,
            "map_customer_owned_ip_on_launch": false,
            "map_public_ip_on_launch": true,
            "outpost_arn": "",
            "owner_id": "975049952960",
            "private_dns_hostname_type_on_launch": "ip-name",
            "state": "available",
            "tags": {},
            "timeouts": null,
            "vpc_id": "vpc-05b6295dc6db20018"
          },
          "sensitive_attributes": []
        },
        {
          "index_key": "subnet-0d77dc9353426a924",
          "schema_version": 0,
          "attributes": {
            "arn": "arn:aws:ec2:us-east-1:975049952960:subnet/subnet-0d77dc9353426a924",
            "assign_ipv6_address_on_creation": false,
            "availability_zone": "us-east-1e",
            "availability_zone_id": "use1-az3",
            "available_ip_address_count": 4090,
            "cidr_block": "172.31.48.0/20",
            "customer_owned_ipv4_pool": "",
            "default_for_az": true,
            "enable_dns64": false,
            "enable_lni_at_device_index": 0,
            "enable_resource_name_dns_a_record_on_launch": false,
            "enable_resource_name_dns_aaaa_record_on_launch": false,
            "filter": null,
            "id": "subnet-0d77dc9353426a924",
            "ipv6_cidr_block": "",
            "ipv6_cidr_block_association_id": "",
            "ipv6_native": false,
            "map_customer_owned_ip_on_launch": false,
            "map_public_ip_on_launch": true,
            "outpost_arn": "",
            "owner_id": "975049952960",
            "private_dns_hostname_type_on_launch": "ip-name",
            "state": "available",
            "tags": {},
            "timeouts": null,
            "vpc_id": "vpc-05b6295dc6db20018"
          },
          "sensitive_attributes": []
        },
        {
          "index_key": "subnet-0e6f22bf110ab7f74",
          "schema_version": 0,
          "attributes": {
            "arn": "arn:aws:ec2:us-east-1:975049952960:subnet/subnet-0e6f22bf110ab7f74",
            "assign_ipv6_address_on_creation": false,
            "availability_zone": "us-east-1a",
            "availability_zone_id": "use1-az1",
            "available_ip_address_count": 4091,
            "cidr_block": "172.31.0.0/20",
            "customer_owned_ipv4_pool": "",
            "default_for_az": true,
            "enable_dns64": false,
            "enable_lni_at_device_index": 0,
            "enable_resource_name_dns_a_record_on_launch": false,
            "enable_resource_name_dns_aaaa_record_on_launch": false,
            "filter": null,
            "id": "subnet-0e6f22bf110ab7f74",
            "ipv6_cidr_block": "",
            "ipv6_cidr_block_association_id": "",
            "ipv6_native": false,
            "map_customer_owned_ip_on_launch": false,
            "map_public_ip_on_launch": true,
            "outpost_arn": "",
            "owner_id": "975049952960",
            "private_dns_hostname_type_on_launch": "ip-name",
            "state": "available",
            "tags": {},
            "timeouts": null,
            "vpc_id": "vpc-05b6295dc6db20018"
          },
          "sensitive_attributes": []
        }
      ]
    },
    {
      "mode": "data",
      "type": "aws_subnets",
      "name": "subnets",
      "provider": "provider[\"registry.terraform.io/hashicorp/aws\"]",
      "instances": [
        {
          "schema_version": 0,
          "attributes": {
            "filter": [
              {
                "name": "vpc-id",
                "values": [
                  "vpc-05b6295dc6db20018"
                ]
              }
            ],
            "id": "us-east-1",
            "ids": [
              "subnet-0e6f22bf110ab7f74",
              "subnet-08063d9aa4288fc5a",
              "subnet-0abe85fdb9bfd7d29",
              "subnet-00bf2c1e3d7be81a8",
              "subnet-0d77dc9353426a924",
              "subnet-01a8ed75518701a25"
            ],
            "tags": null,
            "timeouts": null
          },
          "sensitive_attributes": []
        }
      ]
    },
    {
      "mode": "data",
      "type": "aws_vpc",
      "name": "vpc",
      "provider": "provider[\"registry.terraform.io/hashicorp/aws\"]",
      "instances": [
        {
          "schema_version": 0,
          "attributes": {
            "arn": "arn:aws:ec2:us-east-1:975049952960:vpc/vpc-05b6295dc6db20018",
            "cidr_block": "172.31.0.0/16",
            "cidr_block_associations": [
              {
                "association_id": "vpc-cidr-assoc-03e354ede7ac250b5",
                "cidr_block": "172.31.0.0/16",
                "state": "associated"
              }
            ],
            "default": true,
            "dhcp_options_id": "dopt-0753398e3132631a8",
            "enable_dns_hostnames": true,
            "enable_dns_support": true,
            "enable_network_address_usage_metrics": false,
            "filter": null,
            "id": "vpc-05b6295dc6db20018",
            "instance_tenancy": "default",
            "ipv6_association_id": "",
            "ipv6_cidr_block": "",
            "main_route_table_id": "rtb-015ca5b75244c5d83",
            "owner_id": "975049952960",
            "state": null,
            "tags": {},
            "timeouts": null
          },
          "sensitive_attributes": []
        }
      ]
    },
    {
      "mode": "managed",
      "type": "aws_ecr_repository",
      "name": "fiap-estabelecimento",
      "provider": "provider[\"registry.terraform.io/hashicorp/aws\"]",
      "instances": [
        {
          "schema_version": 0,
          "attributes": {
            "arn": "arn:aws:ecr:us-east-1:975049952960:repository/fiap-estabelecimento",
            "encryption_configuration": [
              {
                "encryption_type": "AES256",
                "kms_key": ""
              }
            ],
            "force_delete": null,
            "id": "fiap-estabelecimento",
            "image_scanning_configuration": [
              {
                "scan_on_push": true
              }
            ],
            "image_tag_mutability": "MUTABLE",
            "name": "fiap-estabelecimento",
            "registry_id": "975049952960",
            "repository_url": "975049952960.dkr.ecr.us-east-1.amazonaws.com/fiap-estabelecimento",
            "tags": null,
            "tags_all": {},
            "timeouts": null
          },
          "sensitive_attributes": [],
          "private": "eyJlMmJmYjczMC1lY2FhLTExZTYtOGY4OC0zNDM2M2JjN2M0YzAiOnsiZGVsZXRlIjoxMjAwMDAwMDAwMDAwfX0="
        }
      ]
    },
    {
      "mode": "managed",
      "type": "aws_eks_access_entry",
      "name": "access-entry",
      "provider": "provider[\"registry.terraform.io/hashicorp/aws\"]",
      "instances": [
        {
          "schema_version": 0,
          "attributes": {
            "access_entry_arn": "arn:aws:eks:us-east-1:975049952960:access-entry/tech-fiap-app/role/975049952960/voclabs/1ec9ab12-e44c-4a7b-f051-71112cc80064",
            "cluster_name": "tech-fiap-app",
            "created_at": "2024-11-22T23:12:17Z",
            "id": "tech-fiap-app:arn:aws:iam::975049952960:role/voclabs",
            "kubernetes_groups": [
              "fiap",
              "live"
            ],
            "modified_at": "2024-11-22T23:12:17Z",
            "principal_arn": "arn:aws:iam::975049952960:role/voclabs",
            "tags": null,
            "tags_all": {},
            "timeouts": null,
            "type": "STANDARD",
            "user_name": "arn:aws:sts::975049952960:assumed-role/voclabs/{{SessionName}}"
          },
          "sensitive_attributes": [],
          "private": "eyJlMmJmYjczMC1lY2FhLTExZTYtOGY4OC0zNDM2M2JjN2M0YzAiOnsiY3JlYXRlIjo2MDAwMDAwMDAwMDAsImRlbGV0ZSI6NjAwMDAwMDAwMDAwfX0=",
          "dependencies": [
            "aws_eks_cluster.eks-cluster",
            "aws_security_group.sg",
            "data.aws_caller_identity.current",
            "data.aws_iam_role.LabRole",
            "data.aws_subnet.subnet",
            "data.aws_subnets.subnets",
            "data.aws_vpc.vpc"
          ]
        }
      ]
    },
    {
      "mode": "managed",
      "type": "aws_eks_access_policy_association",
      "name": "eks-policy",
      "provider": "provider[\"registry.terraform.io/hashicorp/aws\"]",
      "instances": [
        {
          "schema_version": 0,
          "attributes": {
            "access_scope": [
              {
                "namespaces": null,
                "type": "cluster"
              }
            ],
            "associated_at": "2024-11-22 23:12:17.209 +0000 UTC",
            "cluster_name": "tech-fiap-app",
            "id": "tech-fiap-app#arn:aws:iam::975049952960:role/voclabs#arn:aws:eks::aws:cluster-access-policy/AmazonEKSClusterAdminPolicy",
            "modified_at": "2024-11-22 23:12:17.209 +0000 UTC",
            "policy_arn": "arn:aws:eks::aws:cluster-access-policy/AmazonEKSClusterAdminPolicy",
            "principal_arn": "arn:aws:iam::975049952960:role/voclabs",
            "timeouts": null
          },
          "sensitive_attributes": [],
          "private": "eyJlMmJmYjczMC1lY2FhLTExZTYtOGY4OC0zNDM2M2JjN2M0YzAiOnsiY3JlYXRlIjo2MDAwMDAwMDAwMDAsImRlbGV0ZSI6NjAwMDAwMDAwMDAwfX0=",
          "dependencies": [
            "aws_eks_cluster.eks-cluster",
            "aws_security_group.sg",
            "data.aws_caller_identity.current",
            "data.aws_iam_role.LabRole",
            "data.aws_subnet.subnet",
            "data.aws_subnets.subnets",
            "data.aws_vpc.vpc"
          ]
        }
      ]
    },
    {
      "mode": "managed",
      "type": "aws_eks_cluster",
      "name": "eks-cluster",
      "provider": "provider[\"registry.terraform.io/hashicorp/aws\"]",
      "instances": [
        {
          "schema_version": 1,
          "attributes": {
            "access_config": [
              {
                "authentication_mode": "API_AND_CONFIG_MAP",
                "bootstrap_cluster_creator_admin_permissions": false
              }
            ],
            "arn": "arn:aws:eks:us-east-1:975049952960:cluster/tech-fiap-app",
            "bootstrap_self_managed_addons": true,
            "certificate_authority": [
              {
                "data": "LS0tLS1CRUdJTiBDRVJUSUZJQ0FURS0tLS0tCk1JSURCVENDQWUyZ0F3SUJBZ0lJTng3bDBOYnNxdW93RFFZSktvWklodmNOQVFFTEJRQXdGVEVUTUJFR0ExVUUKQXhNS2EzVmlaWEp1WlhSbGN6QWVGdzB5TkRFeE1qSXlNekF6TVRSYUZ3MHpOREV4TWpBeU16QTRNVFJhTUJVeApFekFSQmdOVkJBTVRDbXQxWW1WeWJtVjBaWE13Z2dFaU1BMEdDU3FHU0liM0RRRUJBUVVBQTRJQkR3QXdnZ0VLCkFvSUJBUURGZzJGSTNCZHNaWmkxVHBCYmU2di8vWXEydUhLVXMxYVpOM2Y2RkdXeUpOOVpCdmloaGl3QzZGT2cKazFxQUU4WnZMSDV4S2h0R1o1elQwVSs3VDNMKzdOclpNS2xUM0RvTlAraUhzWllKQm0yZUJ5SkpIdGNjaG1EegpZaTFsNmdyRytFOTFKMmRTbDdyTlNmVmZiQTRWVGpFQ3hoRytkYjRSQzE3YjRYNm9QNkY5aDVpTzhaRzBpZkxoCnd3akVGQi9nTHM3d3J0VUp5VmNRbkhlZytVS2FRbklES0xxa2I0a1o1R09EekM1aHd5NDdSYmNST003N0RKQVkKaUtueml4YUp2YVByV0tKbjNsSmFBV1pySGtHV0NXenVncG9tdWx1eEkwTmk1NVFQSjlqSFFZdmw3cHRKSUEzTwo0bXkyM2N4dU10QWhpN0IrZHF0S3ZCSEdWNXFiQWdNQkFBR2pXVEJYTUE0R0ExVWREd0VCL3dRRUF3SUNwREFQCkJnTlZIUk1CQWY4RUJUQURBUUgvTUIwR0ExVWREZ1FXQkJTRi9RREptREtmMlU3TWozNEs2K0FwMmpxWHlEQVYKQmdOVkhSRUVEakFNZ2dwcmRXSmxjbTVsZEdWek1BMEdDU3FHU0liM0RRRUJDd1VBQTRJQkFRQktTekFBQ1VJVApWQ21Lemk3UnJuZDl0NHM3UkhtNTR3Q2tSQjUvamZ4VDU2ck9KMlNuRno4THRHZTkvSkdhM3BZOXJlTUtWUXVPClJKOHZQMzVsWERXTE9GSTFCN0Q3aTVPMndWLzcvZGNYMDZKVDY4cWY3Q1VLZ2orTUdYcWpNZHdFK3drcVd4SHYKQ0tSWll6bHVQVTNaakhKVGg1aHpzRnR2WlhGZmZxT3k2UGVkT3h2RHFseTQzRmtiNktUL2NkeWJRWHBtd2RNUApxU1lUQWh2eTlkQVZHUkNld0htTUhnWkZMRGZPTzBWVlhaT0FUMGN6d0ozQ2pFMzRWSWhpcWNjbm1SaXJ1SWU1CjFlQ2NySmt6RktLREdxcHdNS2RkVDR4Z0xQT0xsR2lBbXhLVHdKT3V5YVlPYTlLL1VuMXc3M2Fab3RZL3dQSjUKV2tyQS9la0J2NFkxCi0tLS0tRU5EIENFUlRJRklDQVRFLS0tLS0K"
              }
            ],
            "cluster_id": null,
            "created_at": "2024-11-22T23:02:46Z",
            "enabled_cluster_log_types": null,
            "encryption_config": [],
            "endpoint": "https://6622AF2824623B38CB5E6BC0238DBAE7.yl4.us-east-1.eks.amazonaws.com",
            "id": "tech-fiap-app",
            "identity": [
              {
                "oidc": [
                  {
                    "issuer": "https://oidc.eks.us-east-1.amazonaws.com/id/6622AF2824623B38CB5E6BC0238DBAE7"
                  }
                ]
              }
            ],
            "kubernetes_network_config": [
              {
                "ip_family": "ipv4",
                "service_ipv4_cidr": "10.100.0.0/16",
                "service_ipv6_cidr": ""
              }
            ],
            "name": "tech-fiap-app",
            "outpost_config": [],
            "platform_version": "eks.20",
            "role_arn": "arn:aws:iam::975049952960:role/LabRole",
            "status": "ACTIVE",
            "tags": null,
            "tags_all": {},
            "timeouts": null,
            "upgrade_policy": [
              {
                "support_type": "EXTENDED"
              }
            ],
            "version": "1.30",
            "vpc_config": [
              {
                "cluster_security_group_id": "sg-0c0b3c05eecf808c7",
                "endpoint_private_access": false,
                "endpoint_public_access": true,
                "public_access_cidrs": [
                  "0.0.0.0/0"
                ],
                "security_group_ids": [
                  "sg-0fa7f8b8d599e59cd"
                ],
                "subnet_ids": [
                  "subnet-00bf2c1e3d7be81a8",
                  "subnet-01a8ed75518701a25",
                  "subnet-08063d9aa4288fc5a",
                  "subnet-0abe85fdb9bfd7d29",
                  "subnet-0e6f22bf110ab7f74"
                ],
                "vpc_id": "vpc-05b6295dc6db20018"
              }
            ],
            "zonal_shift_config": []
          },
          "sensitive_attributes": [],
          "private": "eyJlMmJmYjczMC1lY2FhLTExZTYtOGY4OC0zNDM2M2JjN2M0YzAiOnsiY3JlYXRlIjoxODAwMDAwMDAwMDAwLCJkZWxldGUiOjkwMDAwMDAwMDAwMCwidXBkYXRlIjozNjAwMDAwMDAwMDAwfSwic2NoZW1hX3ZlcnNpb24iOiIxIn0=",
          "dependencies": [
            "aws_security_group.sg",
            "data.aws_iam_role.LabRole",
            "data.aws_subnet.subnet",
            "data.aws_subnets.subnets",
            "data.aws_vpc.vpc"
          ]
        }
      ]
    },
    {
      "mode": "managed",
      "type": "aws_eks_node_group",
      "name": "node-group",
      "provider": "provider[\"registry.terraform.io/hashicorp/aws\"]",
      "instances": [
        {
          "schema_version": 0,
          "attributes": {
            "ami_type": "AL2023_x86_64_STANDARD",
            "arn": "arn:aws:eks:us-east-1:975049952960:nodegroup/tech-fiap-app/NG-tech-fiap-app/98c9ab12-e42d-01b1-567f-06a07aee4f0f",
            "capacity_type": "ON_DEMAND",
            "cluster_name": "tech-fiap-app",
            "disk_size": 20,
            "force_update_version": null,
            "id": "tech-fiap-app:NG-tech-fiap-app",
            "instance_types": [
              "t3a.medium"
            ],
            "labels": null,
            "launch_template": [],
            "node_group_name": "NG-tech-fiap-app",
            "node_group_name_prefix": "",
            "node_role_arn": "arn:aws:iam::975049952960:role/LabRole",
            "release_version": "1.30.6-20241115",
            "remote_access": [],
            "resources": [
              {
                "autoscaling_groups": [
                  {
                    "name": "eks-NG-tech-fiap-app-98c9ab12-e42d-01b1-567f-06a07aee4f0f"
                  }
                ],
                "remote_access_security_group_id": ""
              }
            ],
            "scaling_config": [
              {
                "desired_size": 1,
                "max_size": 2,
                "min_size": 1
              }
            ],
            "status": "ACTIVE",
            "subnet_ids": [
              "subnet-00bf2c1e3d7be81a8",
              "subnet-01a8ed75518701a25",
              "subnet-08063d9aa4288fc5a",
              "subnet-0abe85fdb9bfd7d29",
              "subnet-0e6f22bf110ab7f74"
            ],
            "tags": null,
            "tags_all": {},
            "taint": [],
            "timeouts": null,
            "update_config": [
              {
                "max_unavailable": 1,
                "max_unavailable_percentage": 0
              }
            ],
            "version": "1.30"
          },
          "sensitive_attributes": [],
          "private": "eyJlMmJmYjczMC1lY2FhLTExZTYtOGY4OC0zNDM2M2JjN2M0YzAiOnsiY3JlYXRlIjozNjAwMDAwMDAwMDAwLCJkZWxldGUiOjM2MDAwMDAwMDAwMDAsInVwZGF0ZSI6MzYwMDAwMDAwMDAwMH19",
          "dependencies": [
            "aws_eks_cluster.eks-cluster",
            "aws_security_group.sg",
            "data.aws_iam_role.LabRole",
            "data.aws_subnet.subnet",
            "data.aws_subnets.subnets",
            "data.aws_vpc.vpc"
          ]
        }
      ]
    },
    {
      "mode": "managed",
      "type": "aws_security_group",
      "name": "sg",
      "provider": "provider[\"registry.terraform.io/hashicorp/aws\"]",
      "instances": [
        {
          "schema_version": 1,
          "attributes": {
            "arn": "arn:aws:ec2:us-east-1:975049952960:security-group/sg-0fa7f8b8d599e59cd",
            "description": "Security group para App",
            "egress": [
              {
                "cidr_blocks": [
                  "0.0.0.0/0"
                ],
                "description": "All",
                "from_port": 0,
                "ipv6_cidr_blocks": [],
                "prefix_list_ids": [],
                "protocol": "-1",
                "security_groups": [],
                "self": false,
                "to_port": 0
              }
            ],
            "id": "sg-0fa7f8b8d599e59cd",
            "ingress": [
              {
                "cidr_blocks": [
                  "0.0.0.0/0"
                ],
                "description": "All",
                "from_port": 80,
                "ipv6_cidr_blocks": [],
                "prefix_list_ids": [],
                "protocol": "tcp",
                "security_groups": [],
                "self": false,
                "to_port": 80
              }
            ],
            "name": "SG-tech-fiap-app",
            "name_prefix": "",
            "owner_id": "975049952960",
            "revoke_rules_on_delete": false,
            "tags": null,
            "tags_all": {},
            "timeouts": null,
            "vpc_id": "vpc-05b6295dc6db20018"
          },
          "sensitive_attributes": [],
          "private": "eyJlMmJmYjczMC1lY2FhLTExZTYtOGY4OC0zNDM2M2JjN2M0YzAiOnsiY3JlYXRlIjo2MDAwMDAwMDAwMDAsImRlbGV0ZSI6OTAwMDAwMDAwMDAwfSwic2NoZW1hX3ZlcnNpb24iOiIxIn0=",
          "dependencies": [
            "data.aws_vpc.vpc"
          ]
        }
      ]
    }
  ],
  "check_results": null
}
