{
  "version": 4,
  "terraform_version": "1.9.8",
  "serial": 13,
  "lineage": "13d36946-a89a-8002-8dcb-b0505ad1a58d",
  "outputs": {},
  "resources": [
    {
      "mode": "data",
      "type": "aws_caller_identity",
      "name": "current",
      "provider": "provider[\"registry.terraform.io/hashicorp/aws\"]",
      "instances": [
        {
          "schema_version": 0,
          "attributes": {
            "account_id": "975049952960",
            "arn": "arn:aws:sts::975049952960:assumed-role/voclabs/user2702000=leodelmiroms@gmail.com",
            "id": "975049952960",
            "user_id": "AROA6GBMBR3AIY6IOMLBC:user2702000=leodelmiroms@gmail.com"
          },
          "sensitive_attributes": []
        }
      ]
    },
    {
      "mode": "data",
      "type": "aws_iam_role",
      "name": "LabRole",
      "provider": "provider[\"registry.terraform.io/hashicorp/aws\"]",
      "instances": [
        {
          "schema_version": 0,
          "attributes": {
            "arn": "arn:aws:iam::975049952960:role/LabRole",
            "assume_role_policy": "{\"Version\":\"2012-10-17\",\"Statement\":[{\"Effect\":\"Allow\",\"Principal\":{\"Service\":[\"dynamodb.amazonaws.com\",\"events.amazonaws.com\",\"databrew.amazonaws.com\",\"lambda.amazonaws.com\",\"sns.amazonaws.com\",\"elasticfilesystem.amazonaws.com\",\"application-autoscaling.amazonaws.com\",\"iotevents.amazonaws.com\",\"codecommit.amazonaws.com\",\"elasticloadbalancing.amazonaws.com\",\"rekognition.amazonaws.com\",\"deepracer.amazonaws.com\",\"firehose.amazonaws.com\",\"elasticmapreduce.amazonaws.com\",\"glue.amazonaws.com\",\"cloudtrail.amazonaws.com\",\"s3.amazonaws.com\",\"kinesisanalytics.amazonaws.com\",\"kinesis.amazonaws.com\",\"iotanalytics.amazonaws.com\",\"kms.amazonaws.com\",\"sagemaker.amazonaws.com\",\"ssm.amazonaws.com\",\"cognito-idp.amazonaws.com\",\"eks-fargate-pods.amazonaws.com\",\"redshift.amazonaws.com\",\"ecs.amazonaws.com\",\"secretsmanager.amazonaws.com\",\"athena.amazonaws.com\",\"cloudformation.amazonaws.com\",\"sqs.amazonaws.com\",\"logs.amazonaws.com\",\"codedeploy.amazonaws.com\",\"elasticbeanstalk.amazonaws.com\",\"ec2.application-autoscaling.amazonaws.com\",\"eks.amazonaws.com\",\"apigateway.amazonaws.com\",\"ec2.amazonaws.com\",\"states.amazonaws.com\",\"batch.amazonaws.com\",\"cloud9.amazonaws.com\",\"scheduler.amazonaws.com\",\"pipes.amazonaws.com\",\"backup.amazonaws.com\",\"ecs-tasks.amazonaws.com\",\"forecast.amazonaws.com\",\"iot.amazonaws.com\",\"codewhisperer.amazonaws.com\",\"autoscaling.amazonaws.com\",\"rds.amazonaws.com\",\"credentials.iot.amazonaws.com\",\"servicecatalog.amazonaws.com\",\"resource-groups.amazonaws.com\"],\"AWS\":\"arn:aws:iam::975049952960:role/LabRole\"},\"Action\":\"sts:AssumeRole\"}]}",
            "create_date": "2024-11-21T22:07:05Z",
            "description": "",
            "id": "LabRole",
            "max_session_duration": 3600,
            "name": "LabRole",
            "path": "/",
            "permissions_boundary": "",
            "role_last_used": [
              {
                "last_used_date": "2024-11-21T23:07:59Z",
                "region": "us-east-1"
              }
            ],
            "tags": {
              "cloudlab": "c137866a3517877l8358224t1w975049952960"
            },
            "unique_id": "AROA6GBMBR3AN2KNA3P32"
          },
          "sensitive_attributes": []
        }
      ]
    },
    {
      "mode": "data",
      "type": "aws_subnet",
      "name": "subnet",
      "provider": "provider[\"registry.terraform.io/hashicorp/aws\"]",
      "instances": [
        {
          "index_key": "subnet-03d71d09bee5cd3a8",
          "schema_version": 0,
          "attributes": {
            "arn": "arn:aws:ec2:us-east-1:975049952960:subnet/subnet-03d71d09bee5cd3a8",
            "assign_ipv6_address_on_creation": false,
            "availability_zone": "us-east-1b",
            "availability_zone_id": "use1-az2",
            "available_ip_address_count": 4091,
            "cidr_block": "172.31.80.0/20",
            "customer_owned_ipv4_pool": "",
            "default_for_az": true,
            "enable_dns64": false,
            "enable_lni_at_device_index": 0,
            "enable_resource_name_dns_a_record_on_launch": false,
            "enable_resource_name_dns_aaaa_record_on_launch": false,
            "filter": null,
            "id": "subnet-03d71d09bee5cd3a8",
            "ipv6_cidr_block": "",
            "ipv6_cidr_block_association_id": "",
            "ipv6_native": false,
            "map_customer_owned_ip_on_launch": false,
            "map_public_ip_on_launch": true,
            "outpost_arn": "",
            "owner_id": "975049952960",
            "private_dns_hostname_type_on_launch": "ip-name",
            "state": "available",
            "tags": {},
            "timeouts": null,
            "vpc_id": "vpc-0374abd084fb1c654"
          },
          "sensitive_attributes": []
        },
        {
          "index_key": "subnet-0403192a00961ffbb",
          "schema_version": 0,
          "attributes": {
            "arn": "arn:aws:ec2:us-east-1:975049952960:subnet/subnet-0403192a00961ffbb",
            "assign_ipv6_address_on_creation": false,
            "availability_zone": "us-east-1a",
            "availability_zone_id": "use1-az1",
            "available_ip_address_count": 4090,
            "cidr_block": "172.31.0.0/20",
            "customer_owned_ipv4_pool": "",
            "default_for_az": true,
            "enable_dns64": false,
            "enable_lni_at_device_index": 0,
            "enable_resource_name_dns_a_record_on_launch": false,
            "enable_resource_name_dns_aaaa_record_on_launch": false,
            "filter": null,
            "id": "subnet-0403192a00961ffbb",
            "ipv6_cidr_block": "",
            "ipv6_cidr_block_association_id": "",
            "ipv6_native": false,
            "map_customer_owned_ip_on_launch": false,
            "map_public_ip_on_launch": true,
            "outpost_arn": "",
            "owner_id": "975049952960",
            "private_dns_hostname_type_on_launch": "ip-name",
            "state": "available",
            "tags": {},
            "timeouts": null,
            "vpc_id": "vpc-0374abd084fb1c654"
          },
          "sensitive_attributes": []
        },
        {
          "index_key": "subnet-0525980ae4a81261e",
          "schema_version": 0,
          "attributes": {
            "arn": "arn:aws:ec2:us-east-1:975049952960:subnet/subnet-0525980ae4a81261e",
            "assign_ipv6_address_on_creation": false,
            "availability_zone": "us-east-1d",
            "availability_zone_id": "use1-az6",
            "available_ip_address_count": 4089,
            "cidr_block": "172.31.32.0/20",
            "customer_owned_ipv4_pool": "",
            "default_for_az": true,
            "enable_dns64": false,
            "enable_lni_at_device_index": 0,
            "enable_resource_name_dns_a_record_on_launch": false,
            "enable_resource_name_dns_aaaa_record_on_launch": false,
            "filter": null,
            "id": "subnet-0525980ae4a81261e",
            "ipv6_cidr_block": "",
            "ipv6_cidr_block_association_id": "",
            "ipv6_native": false,
            "map_customer_owned_ip_on_launch": false,
            "map_public_ip_on_launch": true,
            "outpost_arn": "",
            "owner_id": "975049952960",
            "private_dns_hostname_type_on_launch": "ip-name",
            "state": "available",
            "tags": {},
            "timeouts": null,
            "vpc_id": "vpc-0374abd084fb1c654"
          },
          "sensitive_attributes": []
        },
        {
          "index_key": "subnet-054b8a4c17841bb0d",
          "schema_version": 0,
          "attributes": {
            "arn": "arn:aws:ec2:us-east-1:975049952960:subnet/subnet-054b8a4c17841bb0d",
            "assign_ipv6_address_on_creation": false,
            "availability_zone": "us-east-1f",
            "availability_zone_id": "use1-az5",
            "available_ip_address_count": 4091,
            "cidr_block": "172.31.64.0/20",
            "customer_owned_ipv4_pool": "",
            "default_for_az": true,
            "enable_dns64": false,
            "enable_lni_at_device_index": 0,
            "enable_resource_name_dns_a_record_on_launch": false,
            "enable_resource_name_dns_aaaa_record_on_launch": false,
            "filter": null,
            "id": "subnet-054b8a4c17841bb0d",
            "ipv6_cidr_block": "",
            "ipv6_cidr_block_association_id": "",
            "ipv6_native": false,
            "map_customer_owned_ip_on_launch": false,
            "map_public_ip_on_launch": true,
            "outpost_arn": "",
            "owner_id": "975049952960",
            "private_dns_hostname_type_on_launch": "ip-name",
            "state": "available",
            "tags": {},
            "timeouts": null,
            "vpc_id": "vpc-0374abd084fb1c654"
          },
          "sensitive_attributes": []
        },
        {
          "index_key": "subnet-0a8907d7f0e488868",
          "schema_version": 0,
          "attributes": {
            "arn": "arn:aws:ec2:us-east-1:975049952960:subnet/subnet-0a8907d7f0e488868",
            "assign_ipv6_address_on_creation": false,
            "availability_zone": "us-east-1c",
            "availability_zone_id": "use1-az4",
            "available_ip_address_count": 4086,
            "cidr_block": "172.31.16.0/20",
            "customer_owned_ipv4_pool": "",
            "default_for_az": true,
            "enable_dns64": false,
            "enable_lni_at_device_index": 0,
            "enable_resource_name_dns_a_record_on_launch": false,
            "enable_resource_name_dns_aaaa_record_on_launch": false,
            "filter": null,
            "id": "subnet-0a8907d7f0e488868",
            "ipv6_cidr_block": "",
            "ipv6_cidr_block_association_id": "",
            "ipv6_native": false,
            "map_customer_owned_ip_on_launch": false,
            "map_public_ip_on_launch": true,
            "outpost_arn": "",
            "owner_id": "975049952960",
            "private_dns_hostname_type_on_launch": "ip-name",
            "state": "available",
            "tags": {},
            "timeouts": null,
            "vpc_id": "vpc-0374abd084fb1c654"
          },
          "sensitive_attributes": []
        },
        {
          "index_key": "subnet-0f92d289b7d9098b6",
          "schema_version": 0,
          "attributes": {
            "arn": "arn:aws:ec2:us-east-1:975049952960:subnet/subnet-0f92d289b7d9098b6",
            "assign_ipv6_address_on_creation": false,
            "availability_zone": "us-east-1e",
            "availability_zone_id": "use1-az3",
            "available_ip_address_count": 4091,
            "cidr_block": "172.31.48.0/20",
            "customer_owned_ipv4_pool": "",
            "default_for_az": true,
            "enable_dns64": false,
            "enable_lni_at_device_index": 0,
            "enable_resource_name_dns_a_record_on_launch": false,
            "enable_resource_name_dns_aaaa_record_on_launch": false,
            "filter": null,
            "id": "subnet-0f92d289b7d9098b6",
            "ipv6_cidr_block": "",
            "ipv6_cidr_block_association_id": "",
            "ipv6_native": false,
            "map_customer_owned_ip_on_launch": false,
            "map_public_ip_on_launch": true,
            "outpost_arn": "",
            "owner_id": "975049952960",
            "private_dns_hostname_type_on_launch": "ip-name",
            "state": "available",
            "tags": {},
            "timeouts": null,
            "vpc_id": "vpc-0374abd084fb1c654"
          },
          "sensitive_attributes": []
        }
      ]
    },
    {
      "mode": "data",
      "type": "aws_subnets",
      "name": "subnets",
      "provider": "provider[\"registry.terraform.io/hashicorp/aws\"]",
      "instances": [
        {
          "schema_version": 0,
          "attributes": {
            "filter": [
              {
                "name": "vpc-id",
                "values": [
                  "vpc-0374abd084fb1c654"
                ]
              }
            ],
            "id": "us-east-1",
            "ids": [
              "subnet-054b8a4c17841bb0d",
              "subnet-03d71d09bee5cd3a8",
              "subnet-0403192a00961ffbb",
              "subnet-0a8907d7f0e488868",
              "subnet-0525980ae4a81261e",
              "subnet-0f92d289b7d9098b6"
            ],
            "tags": null,
            "timeouts": null
          },
          "sensitive_attributes": []
        }
      ]
    },
    {
      "mode": "data",
      "type": "aws_vpc",
      "name": "vpc",
      "provider": "provider[\"registry.terraform.io/hashicorp/aws\"]",
      "instances": [
        {
          "schema_version": 0,
          "attributes": {
            "arn": "arn:aws:ec2:us-east-1:975049952960:vpc/vpc-0374abd084fb1c654",
            "cidr_block": "172.31.0.0/16",
            "cidr_block_associations": [
              {
                "association_id": "vpc-cidr-assoc-022b1ab2e2275ee49",
                "cidr_block": "172.31.0.0/16",
                "state": "associated"
              }
            ],
            "default": true,
            "dhcp_options_id": "dopt-00b31e055c94e9e63",
            "enable_dns_hostnames": true,
            "enable_dns_support": true,
            "enable_network_address_usage_metrics": false,
            "filter": null,
            "id": "vpc-0374abd084fb1c654",
            "instance_tenancy": "default",
            "ipv6_association_id": "",
            "ipv6_cidr_block": "",
            "main_route_table_id": "rtb-09e8660c5f94396ec",
            "owner_id": "975049952960",
            "state": null,
            "tags": {},
            "timeouts": null
          },
          "sensitive_attributes": []
        }
      ]
    },
    {
      "mode": "managed",
      "type": "aws_ecr_repository",
      "name": "fiap-estabelecimento",
      "provider": "provider[\"registry.terraform.io/hashicorp/aws\"]",
      "instances": [
        {
          "schema_version": 0,
          "attributes": {
            "arn": "arn:aws:ecr:us-east-1:975049952960:repository/fiap-estabelecimento",
            "encryption_configuration": [
              {
                "encryption_type": "AES256",
                "kms_key": ""
              }
            ],
            "force_delete": null,
            "id": "fiap-estabelecimento",
            "image_scanning_configuration": [
              {
                "scan_on_push": true
              }
            ],
            "image_tag_mutability": "MUTABLE",
            "name": "fiap-estabelecimento",
            "registry_id": "975049952960",
            "repository_url": "975049952960.dkr.ecr.us-east-1.amazonaws.com/fiap-estabelecimento",
            "tags": null,
            "tags_all": {},
            "timeouts": null
          },
          "sensitive_attributes": [],
          "private": "eyJlMmJmYjczMC1lY2FhLTExZTYtOGY4OC0zNDM2M2JjN2M0YzAiOnsiZGVsZXRlIjoxMjAwMDAwMDAwMDAwfX0="
        }
      ]
    },
    {
      "mode": "managed",
      "type": "aws_eks_access_entry",
      "name": "access-entry",
      "provider": "provider[\"registry.terraform.io/hashicorp/aws\"]",
      "instances": [
        {
          "schema_version": 0,
          "attributes": {
            "access_entry_arn": "arn:aws:eks:us-east-1:975049952960:access-entry/tech-fiap-app/role/975049952960/voclabs/52c9a888-a62c-06ce-8eed-5ed327b589c0",
            "cluster_name": "tech-fiap-app",
            "created_at": "2024-11-21T23:31:48Z",
            "id": "tech-fiap-app:arn:aws:iam::975049952960:role/voclabs",
            "kubernetes_groups": [
              "fiap",
              "live"
            ],
            "modified_at": "2024-11-21T23:31:48Z",
            "principal_arn": "arn:aws:iam::975049952960:role/voclabs",
            "tags": null,
            "tags_all": {},
            "timeouts": null,
            "type": "STANDARD",
            "user_name": "arn:aws:sts::975049952960:assumed-role/voclabs/{{SessionName}}"
          },
          "sensitive_attributes": [],
          "private": "eyJlMmJmYjczMC1lY2FhLTExZTYtOGY4OC0zNDM2M2JjN2M0YzAiOnsiY3JlYXRlIjo2MDAwMDAwMDAwMDAsImRlbGV0ZSI6NjAwMDAwMDAwMDAwfX0=",
          "dependencies": [
            "aws_eks_cluster.eks-cluster",
            "aws_security_group.sg",
            "data.aws_caller_identity.current",
            "data.aws_iam_role.LabRole",
            "data.aws_subnet.subnet",
            "data.aws_subnets.subnets",
            "data.aws_vpc.vpc"
          ]
        }
      ]
    },
    {
      "mode": "managed",
      "type": "aws_eks_cluster",
      "name": "eks-cluster",
      "provider": "provider[\"registry.terraform.io/hashicorp/aws\"]",
      "instances": [
        {
          "schema_version": 1,
          "attributes": {
            "access_config": [
              {
                "authentication_mode": "API_AND_CONFIG_MAP",
                "bootstrap_cluster_creator_admin_permissions": false
              }
            ],
            "arn": "arn:aws:eks:us-east-1:975049952960:cluster/tech-fiap-app",
            "bootstrap_self_managed_addons": true,
            "certificate_authority": [
              {
                "data": "LS0tLS1CRUdJTiBDRVJUSUZJQ0FURS0tLS0tCk1JSURCVENDQWUyZ0F3SUJBZ0lJUHBjcTVjUzMxRXN3RFFZSktvWklodmNOQVFFTEJRQXdGVEVUTUJFR0ExVUUKQXhNS2EzVmlaWEp1WlhSbGN6QWVGdzB5TkRFeE1qRXlNakl4TWpkYUZ3MHpOREV4TVRreU1qSTJNamRhTUJVeApFekFSQmdOVkJBTVRDbXQxWW1WeWJtVjBaWE13Z2dFaU1BMEdDU3FHU0liM0RRRUJBUVVBQTRJQkR3QXdnZ0VLCkFvSUJBUURXVjVUaXpPSHdteWU4QjBzMzIva2lJYzhoWnNvZnlFVVBOWnFYQWRNOGVCZ1RWa2V1V0Nsd0QxVWYKWmFHUE9COUppQVhZTGNPbGszZFRia3hCa3FlUTA2QVo2Y3MwUGlGZjhVSTIxN29UVUp3Zjg4Q2V3clY0alpDYgpDeXpaZWZYd05wcWc3eWNFNkdUY2ZLV3Qwd04xdDR0NVo0UkNTNlZUY3hiSlk4b0FVZmdmQlU0Zkc0M2ZiZGNUCk9pUndCV2Vmbzl2NzVlOXJUV1hkT0hic1J1ajMydDloczNDOEVVVjhwd2xTVDhvb1hFZTFjaytNaHp2SGZzL0wKa0UyY1ovL3ZubnA4alBvNWYxYWpkeE1kajE1SnZmcEUwSFhkR1o2M2wrV0xCQlNvaXZQNHpjOEMyZHpKaitVOQo2eExvUlRTNHAvYU1pOU05K05OWVJta0xSMWhqQWdNQkFBR2pXVEJYTUE0R0ExVWREd0VCL3dRRUF3SUNwREFQCkJnTlZIUk1CQWY4RUJUQURBUUgvTUIwR0ExVWREZ1FXQkJRa1RRZVJBYkFtQXR6WkNMbndsVUNWazJUN2NEQVYKQmdOVkhSRUVEakFNZ2dwcmRXSmxjbTVsZEdWek1BMEdDU3FHU0liM0RRRUJDd1VBQTRJQkFRQ1V3YjRYVjd3ZwpGWXg1ZWVlbTdjMTZqRUNGWWFIanBwbkZQb1UvR3ZCMXpIN0Y5eFZnZmx4N1dBWnZwalNrSXRUYkxWK1F4UzZ0CmNmbG9hMUhBaVNTbDlqbkE5RUhuU3pLNzQ1cWZLb0pab2xnejRSUEp0QWVPT0NlNGNCOTJTeGkwZUhQc0RoSU0KSFo1MjVpTndqZ1M3Y1JWbHlIVStyTi9MWEJQLzlqN05QbVlPdmxZVEZFRDJUdnJ3R05qbVp5K1JxUzhNUDJQMApWRHRrK3hCTGQreVRyeWU0ZEFSbnoxNXFGV3VaUUVZc01WbDZNdUprMytncFZyekpEOU5FbmdIU1ZpVnFlZFEyCkl1cDJqTCtUZnlnU2VscnZqWXo0V1g2QjJsNnZlT21WMjI4VGRvQ2RMYjVDWExoSTN3Q0hlc2hEQWFoZDl3dnEKWWdnNXNHNHpabzI5Ci0tLS0tRU5EIENFUlRJRklDQVRFLS0tLS0K"
              }
            ],
            "cluster_id": null,
            "created_at": "2024-11-21T22:12:48Z",
            "enabled_cluster_log_types": [],
            "encryption_config": [],
            "endpoint": "https://D5DB1109AC0606475E80E20CA76B17CE.gr7.us-east-1.eks.amazonaws.com",
            "id": "tech-fiap-app",
            "identity": [
              {
                "oidc": [
                  {
                    "issuer": "https://oidc.eks.us-east-1.amazonaws.com/id/D5DB1109AC0606475E80E20CA76B17CE"
                  }
                ]
              }
            ],
            "kubernetes_network_config": [
              {
                "ip_family": "ipv4",
                "service_ipv4_cidr": "10.100.0.0/16",
                "service_ipv6_cidr": ""
              }
            ],
            "name": "tech-fiap-app",
            "outpost_config": [],
            "platform_version": "eks.20",
            "role_arn": "arn:aws:iam::975049952960:role/LabRole",
            "status": "ACTIVE",
            "tags": {},
            "tags_all": {},
            "timeouts": null,
            "upgrade_policy": [
              {
                "support_type": "EXTENDED"
              }
            ],
            "version": "1.30",
            "vpc_config": [
              {
                "cluster_security_group_id": "sg-00e29e361c58acc2f",
                "endpoint_private_access": false,
                "endpoint_public_access": true,
                "public_access_cidrs": [
                  "0.0.0.0/0"
                ],
                "security_group_ids": [
                  "sg-04bb275e1564a7665"
                ],
                "subnet_ids": [
                  "subnet-03d71d09bee5cd3a8",
                  "subnet-0403192a00961ffbb",
                  "subnet-0525980ae4a81261e",
                  "subnet-054b8a4c17841bb0d",
                  "subnet-0a8907d7f0e488868"
                ],
                "vpc_id": "vpc-0374abd084fb1c654"
              }
            ],
            "zonal_shift_config": []
          },
          "sensitive_attributes": [],
          "private": "eyJlMmJmYjczMC1lY2FhLTExZTYtOGY4OC0zNDM2M2JjN2M0YzAiOnsiY3JlYXRlIjoxODAwMDAwMDAwMDAwLCJkZWxldGUiOjkwMDAwMDAwMDAwMCwidXBkYXRlIjozNjAwMDAwMDAwMDAwfSwic2NoZW1hX3ZlcnNpb24iOiIxIn0=",
          "dependencies": [
            "aws_security_group.sg",
            "data.aws_iam_role.LabRole",
            "data.aws_subnet.subnet",
            "data.aws_subnets.subnets",
            "data.aws_vpc.vpc"
          ]
        }
      ]
    },
    {
      "mode": "managed",
      "type": "aws_eks_node_group",
      "name": "node-group",
      "provider": "provider[\"registry.terraform.io/hashicorp/aws\"]",
      "instances": [
        {
          "schema_version": 0,
          "attributes": {
            "ami_type": "AL2023_x86_64_STANDARD",
            "arn": "arn:aws:eks:us-east-1:975049952960:nodegroup/tech-fiap-app/NG-tech-fiap-app/50c9a86c-488e-f40b-e959-8932a4e9f7f8",
            "capacity_type": "ON_DEMAND",
            "cluster_name": "tech-fiap-app",
            "disk_size": 20,
            "force_update_version": null,
            "id": "tech-fiap-app:NG-tech-fiap-app",
            "instance_types": [
              "t3.micro"
            ],
            "labels": null,
            "launch_template": [],
            "node_group_name": "NG-tech-fiap-app",
            "node_group_name_prefix": "",
            "node_role_arn": "arn:aws:iam::975049952960:role/LabRole",
            "release_version": "1.30.6-20241115",
            "remote_access": [],
            "resources": [
              {
                "autoscaling_groups": [
                  {
                    "name": "eks-NG-tech-fiap-app-50c9a86c-488e-f40b-e959-8932a4e9f7f8"
                  }
                ],
                "remote_access_security_group_id": ""
              }
            ],
            "scaling_config": [
              {
                "desired_size": 1,
                "max_size": 2,
                "min_size": 1
              }
            ],
            "status": "ACTIVE",
            "subnet_ids": [
              "subnet-03d71d09bee5cd3a8",
              "subnet-0403192a00961ffbb",
              "subnet-0525980ae4a81261e",
              "subnet-054b8a4c17841bb0d",
              "subnet-0a8907d7f0e488868"
            ],
            "tags": null,
            "tags_all": {},
            "taint": [],
            "timeouts": null,
            "update_config": [
              {
                "max_unavailable": 1,
                "max_unavailable_percentage": 0
              }
            ],
            "version": "1.30"
          },
          "sensitive_attributes": [],
          "private": "eyJlMmJmYjczMC1lY2FhLTExZTYtOGY4OC0zNDM2M2JjN2M0YzAiOnsiY3JlYXRlIjozNjAwMDAwMDAwMDAwLCJkZWxldGUiOjM2MDAwMDAwMDAwMDAsInVwZGF0ZSI6MzYwMDAwMDAwMDAwMH19",
          "dependencies": [
            "aws_eks_cluster.eks-cluster",
            "aws_security_group.sg",
            "data.aws_iam_role.LabRole",
            "data.aws_subnet.subnet",
            "data.aws_subnets.subnets",
            "data.aws_vpc.vpc"
          ]
        }
      ]
    },
    {
      "mode": "managed",
      "type": "aws_security_group",
      "name": "sg",
      "provider": "provider[\"registry.terraform.io/hashicorp/aws\"]",
      "instances": [
        {
          "schema_version": 1,
          "attributes": {
            "arn": "arn:aws:ec2:us-east-1:975049952960:security-group/sg-04bb275e1564a7665",
            "description": "Security group para App",
            "egress": [
              {
                "cidr_blocks": [
                  "0.0.0.0/0"
                ],
                "description": "All",
                "from_port": 0,
                "ipv6_cidr_blocks": [],
                "prefix_list_ids": [],
                "protocol": "-1",
                "security_groups": [],
                "self": false,
                "to_port": 0
              }
            ],
            "id": "sg-04bb275e1564a7665",
            "ingress": [
              {
                "cidr_blocks": [
                  "0.0.0.0/0"
                ],
                "description": "All",
                "from_port": 80,
                "ipv6_cidr_blocks": [],
                "prefix_list_ids": [],
                "protocol": "tcp",
                "security_groups": [],
                "self": false,
                "to_port": 80
              }
            ],
            "name": "SG-tech-fiap-app",
            "name_prefix": "",
            "owner_id": "975049952960",
            "revoke_rules_on_delete": false,
            "tags": {},
            "tags_all": {},
            "timeouts": null,
            "vpc_id": "vpc-0374abd084fb1c654"
          },
          "sensitive_attributes": [],
          "private": "eyJlMmJmYjczMC1lY2FhLTExZTYtOGY4OC0zNDM2M2JjN2M0YzAiOnsiY3JlYXRlIjo2MDAwMDAwMDAwMDAsImRlbGV0ZSI6OTAwMDAwMDAwMDAwfSwic2NoZW1hX3ZlcnNpb24iOiIxIn0=",
          "dependencies": [
            "data.aws_vpc.vpc"
          ]
        }
      ]
    }
  ],
  "check_results": null
}
